
Microsoft Visual Studio Solution File, Format Version 12.00
# Visual Studio Version 16
VisualStudioVersion = 16.0.31702.278
MinimumVisualStudioVersion = 10.0.40219.1
Project("{FAE04EC0-301F-11D3-BF4B-00C04F79EFBC}") = "DocumentScanner", "DocumentScanner\DocumentScanner.csproj", "{72867C43-5151-4B9F-8890-7F60749FBC49}"
EndProject
Global
	GlobalSection(SolutionConfigurationPlatforms) = preSolution
		Debug|Any CPU = Debug|Any CPU
		Release|Any CPU = Release|Any CPU
	EndGlobalSection
	GlobalSection(ProjectConfigurationPlatforms) = postSolution
		{72867C43-5151-4B9F-8890-7F60749FBC49}.Debug|Any CPU.ActiveCfg = Debug|Any CPU
		{72867C43-5151-4B9F-8890-7F60749FBC49}.Debug|Any CPU.Build.0 = Debug|Any CPU
		{72867C43-5151-4B9F-8890-7F60749FBC49}.Release|Any CPU.ActiveCfg = Release|Any CPU
		{72867C43-5151-4B9F-8890-7F60749FBC49}.Release|Any CPU.Build.0 = Release|Any CPU
	EndGlobalSection
	GlobalSection(SolutionProperties) = preSolution
		HideSolutionNode = FALSE
	EndGlobalSection
	GlobalSection(ExtensibilityGlobals) = postSolution
		SolutionGuid = {0FE29FC1-6EE3-4562-875B-78C03450115C}
	EndGlobalSection
EndGlobal
